
Microsoft Visual Studio Solution File, Format Version 12.00
# Visual Studio Version 16
VisualStudioVersion = 16.0.30011.22
MinimumVisualStudioVersion = 10.0.40219.1
Project("{FAE04EC0-301F-11D3-BF4B-00C04F79EFBC}") = "e-commerce-MP", "e-commerce-MP.csproj", "{B91F1EB1-E56D-4894-8EAE-7D55C95BDDA9}"
EndProject
Project("{FAE04EC0-301F-11D3-BF4B-00C04F79EFBC}") = "e-commerce-MP.Tests", "..\e-commerce-MP.Tests\e-commerce-MP.Tests.csproj", "{72CE509F-5364-4DCA-B2DA-E1AEB61EC66A}"
EndProject
Project("{FAE04EC0-301F-11D3-BF4B-00C04F79EFBC}") = "e-commerce-MP.Services", "..\e-commerce-MP.Services\e-commerce-MP.Services.csproj", "{0B78F20E-4B99-4A23-B2E2-A57990ED2C01}"
EndProject
Global
	GlobalSection(SolutionConfigurationPlatforms) = preSolution
		Debug|Any CPU = Debug|Any CPU
		Release|Any CPU = Release|Any CPU
	EndGlobalSection
	GlobalSection(ProjectConfigurationPlatforms) = postSolution
		{B91F1EB1-E56D-4894-8EAE-7D55C95BDDA9}.Debug|Any CPU.ActiveCfg = Debug|Any CPU
		{B91F1EB1-E56D-4894-8EAE-7D55C95BDDA9}.Debug|Any CPU.Build.0 = Debug|Any CPU
		{B91F1EB1-E56D-4894-8EAE-7D55C95BDDA9}.Release|Any CPU.ActiveCfg = Release|Any CPU
		{B91F1EB1-E56D-4894-8EAE-7D55C95BDDA9}.Release|Any CPU.Build.0 = Release|Any CPU
		{72CE509F-5364-4DCA-B2DA-E1AEB61EC66A}.Debug|Any CPU.ActiveCfg = Debug|Any CPU
		{72CE509F-5364-4DCA-B2DA-E1AEB61EC66A}.Debug|Any CPU.Build.0 = Debug|Any CPU
		{72CE509F-5364-4DCA-B2DA-E1AEB61EC66A}.Release|Any CPU.ActiveCfg = Release|Any CPU
		{72CE509F-5364-4DCA-B2DA-E1AEB61EC66A}.Release|Any CPU.Build.0 = Release|Any CPU
		{0B78F20E-4B99-4A23-B2E2-A57990ED2C01}.Debug|Any CPU.ActiveCfg = Debug|Any CPU
		{0B78F20E-4B99-4A23-B2E2-A57990ED2C01}.Debug|Any CPU.Build.0 = Debug|Any CPU
		{0B78F20E-4B99-4A23-B2E2-A57990ED2C01}.Release|Any CPU.ActiveCfg = Release|Any CPU
		{0B78F20E-4B99-4A23-B2E2-A57990ED2C01}.Release|Any CPU.Build.0 = Release|Any CPU
	EndGlobalSection
	GlobalSection(SolutionProperties) = preSolution
		HideSolutionNode = FALSE
	EndGlobalSection
	GlobalSection(ExtensibilityGlobals) = postSolution
		SolutionGuid = {2382DE4F-80A7-4A2A-97DF-441412925931}
	EndGlobalSection
EndGlobal
